{
  "name": "parcel-demo",
  "version": "1.0.0",
  "lockfileVersion": 1,
  "requires": true,
  "dependencies": {
    "code": {
      "version": "5.2.4",
      "resolved": "https://registry.npmjs.org/code/-/code-5.2.4.tgz",
      "integrity": "sha512-PkH2B69kE/ETlWJCFrMHbBXzmReeSHMdky5nAfX01cnloOxfYEQ6mGlowBpeyJUZr8kNBjvHd88NkGqYZltbTw==",
      "requires": {
        "hoek": "6.x.x"
      }
    },
    "data": {
      "version": "0.6.1",
      "resolved": "https://registry.npmjs.org/data/-/data-0.6.1.tgz",
      "integrity": "sha1-82OwciT0jnz9cdPfRsSxH2+OX3U=",
      "requires": {
        "underscore": "^1.9.1"
      }
    },
    "hoek": {
      "version": "6.1.3",
      "resolved": "https://registry.npmjs.org/hoek/-/hoek-6.1.3.tgz",
      "integrity": "sha512-YXXAAhmF9zpQbC7LEcREFtXfGq5K1fmd+4PHkBq8NUqmzW3G+Dq10bI/i0KucLRwss3YYFQ0fSfoxBZYiGUqtQ=="
    },
    "underscore": {
      "version": "1.13.1",
      "resolved": "https://registry.npmjs.org/underscore/-/underscore-1.13.1.tgz",
      "integrity": "sha512-hzSoAVtJF+3ZtiFX0VgfFPHEDRm7Y/QPjGyNo4TVdnDTdft3tr8hEkD25a1jC+TjTuE7tkHGKkhwCgs9dgBB2g=="
    }
  }
}
